
Microsoft Visual Studio Solution File, Format Version 12.00
# Visual Studio Version 17
VisualStudioVersion = 17.3.32929.385
MinimumVisualStudioVersion = 10.0.40219.1
Project("{FAE04EC0-301F-11D3-BF4B-00C04F79EFBC}") = "AddressBook", "AddressBook.csproj", "{A228C6E9-CE95-483A-8F2C-FECC14865FD3}"
EndProject
Global
	GlobalSection(SolutionConfigurationPlatforms) = preSolution
		Debug|Any CPU = Debug|Any CPU
		Release|Any CPU = Release|Any CPU
	EndGlobalSection
	GlobalSection(ProjectConfigurationPlatforms) = postSolution
		{A228C6E9-CE95-483A-8F2C-FECC14865FD3}.Debug|Any CPU.ActiveCfg = Debug|Any CPU
		{A228C6E9-CE95-483A-8F2C-FECC14865FD3}.Debug|Any CPU.Build.0 = Debug|Any CPU
		{A228C6E9-CE95-483A-8F2C-FECC14865FD3}.Release|Any CPU.ActiveCfg = Release|Any CPU
		{A228C6E9-CE95-483A-8F2C-FECC14865FD3}.Release|Any CPU.Build.0 = Release|Any CPU
	EndGlobalSection
	GlobalSection(SolutionProperties) = preSolution
		HideSolutionNode = FALSE
	EndGlobalSection
	GlobalSection(ExtensibilityGlobals) = postSolution
		SolutionGuid = {3D31869E-87CB-4BB6-913D-AEEC555F609F}
	EndGlobalSection
EndGlobal
